
Microsoft Visual Studio Solution File, Format Version 12.00
# Visual Studio Version 16
VisualStudioVersion = 16.0.31321.278
MinimumVisualStudioVersion = 10.0.40219.1
Project("{FAE04EC0-301F-11D3-BF4B-00C04F79EFBC}") = "GitApp", "GitApp\GitApp.csproj", "{1392E2BD-CB04-4902-8C0F-5544AC76CE54}"
EndProject
Global
	GlobalSection(SolutionConfigurationPlatforms) = preSolution
		Debug|Any CPU = Debug|Any CPU
		Release|Any CPU = Release|Any CPU
	EndGlobalSection
	GlobalSection(ProjectConfigurationPlatforms) = postSolution
		{1392E2BD-CB04-4902-8C0F-5544AC76CE54}.Debug|Any CPU.ActiveCfg = Debug|Any CPU
		{1392E2BD-CB04-4902-8C0F-5544AC76CE54}.Debug|Any CPU.Build.0 = Debug|Any CPU
		{1392E2BD-CB04-4902-8C0F-5544AC76CE54}.Release|Any CPU.ActiveCfg = Release|Any CPU
		{1392E2BD-CB04-4902-8C0F-5544AC76CE54}.Release|Any CPU.Build.0 = Release|Any CPU
	EndGlobalSection
	GlobalSection(SolutionProperties) = preSolution
		HideSolutionNode = FALSE
	EndGlobalSection
	GlobalSection(ExtensibilityGlobals) = postSolution
		SolutionGuid = {B3240FCD-2384-4DE3-B116-F4A1E0641EAC}
	EndGlobalSection
EndGlobal
